
Microsoft Visual Studio Solution File, Format Version 12.00
# Visual Studio 15
VisualStudioVersion = 15.0.27130.2010
MinimumVisualStudioVersion = 10.0.40219.1
Project("{9A19103F-16F7-4668-BE54-9A1E7A4F7556}") = "SimUDuck", "SimUDuck\SimUDuck.csproj", "{CD8CEC4D-CDDB-481D-91FD-0DD9A6F6CDC0}"
EndProject
Project("{FAE04EC0-301F-11D3-BF4B-00C04F79EFBC}") = "SimUDuckFunctionally", "SimUDuckFunctionally\SimUDuckFunctionally.csproj", "{505A2288-C053-4440-86DD-D86ACE6346A1}"
EndProject
Global
	GlobalSection(SolutionConfigurationPlatforms) = preSolution
		Debug|Any CPU = Debug|Any CPU
		Release|Any CPU = Release|Any CPU
	EndGlobalSection
	GlobalSection(ProjectConfigurationPlatforms) = postSolution
		{CD8CEC4D-CDDB-481D-91FD-0DD9A6F6CDC0}.Debug|Any CPU.ActiveCfg = Debug|Any CPU
		{CD8CEC4D-CDDB-481D-91FD-0DD9A6F6CDC0}.Debug|Any CPU.Build.0 = Debug|Any CPU
		{CD8CEC4D-CDDB-481D-91FD-0DD9A6F6CDC0}.Release|Any CPU.ActiveCfg = Release|Any CPU
		{CD8CEC4D-CDDB-481D-91FD-0DD9A6F6CDC0}.Release|Any CPU.Build.0 = Release|Any CPU
		{505A2288-C053-4440-86DD-D86ACE6346A1}.Debug|Any CPU.ActiveCfg = Debug|Any CPU
		{505A2288-C053-4440-86DD-D86ACE6346A1}.Debug|Any CPU.Build.0 = Debug|Any CPU
		{505A2288-C053-4440-86DD-D86ACE6346A1}.Release|Any CPU.ActiveCfg = Release|Any CPU
		{505A2288-C053-4440-86DD-D86ACE6346A1}.Release|Any CPU.Build.0 = Release|Any CPU
	EndGlobalSection
	GlobalSection(SolutionProperties) = preSolution
		HideSolutionNode = FALSE
	EndGlobalSection
	GlobalSection(ExtensibilityGlobals) = postSolution
		SolutionGuid = {9EB8CF3A-F8A4-41A2-8156-EAA9E36F8028}
	EndGlobalSection
EndGlobal
