
Microsoft Visual Studio Solution File, Format Version 12.00
# Visual Studio 15
VisualStudioVersion = 15.0.28307.271
MinimumVisualStudioVersion = 10.0.40219.1
Project("{9A19103F-16F7-4668-BE54-9A1E7A4F7556}") = "Coffee", "Coffee\Coffee.csproj", "{7B83D7F7-FB20-46CA-BCC5-13919053B3CC}"
EndProject
Project("{9A19103F-16F7-4668-BE54-9A1E7A4F7556}") = "Streams", "Streams\Streams.csproj", "{C618ED44-E6D1-4198-8493-D7E3698A428E}"
EndProject
Project("{FAE04EC0-301F-11D3-BF4B-00C04F79EFBC}") = "Streams.Test", "Streams.Test\Streams.Test.csproj", "{B5C52642-0C02-4BDF-915A-1A780A433D7D}"
EndProject
Global
	GlobalSection(SolutionConfigurationPlatforms) = preSolution
		Debug|Any CPU = Debug|Any CPU
		Release|Any CPU = Release|Any CPU
	EndGlobalSection
	GlobalSection(ProjectConfigurationPlatforms) = postSolution
		{7B83D7F7-FB20-46CA-BCC5-13919053B3CC}.Debug|Any CPU.ActiveCfg = Debug|Any CPU
		{7B83D7F7-FB20-46CA-BCC5-13919053B3CC}.Debug|Any CPU.Build.0 = Debug|Any CPU
		{7B83D7F7-FB20-46CA-BCC5-13919053B3CC}.Release|Any CPU.ActiveCfg = Release|Any CPU
		{7B83D7F7-FB20-46CA-BCC5-13919053B3CC}.Release|Any CPU.Build.0 = Release|Any CPU
		{C618ED44-E6D1-4198-8493-D7E3698A428E}.Debug|Any CPU.ActiveCfg = Debug|Any CPU
		{C618ED44-E6D1-4198-8493-D7E3698A428E}.Debug|Any CPU.Build.0 = Debug|Any CPU
		{C618ED44-E6D1-4198-8493-D7E3698A428E}.Release|Any CPU.ActiveCfg = Release|Any CPU
		{C618ED44-E6D1-4198-8493-D7E3698A428E}.Release|Any CPU.Build.0 = Release|Any CPU
		{B5C52642-0C02-4BDF-915A-1A780A433D7D}.Debug|Any CPU.ActiveCfg = Debug|Any CPU
		{B5C52642-0C02-4BDF-915A-1A780A433D7D}.Debug|Any CPU.Build.0 = Debug|Any CPU
		{B5C52642-0C02-4BDF-915A-1A780A433D7D}.Release|Any CPU.ActiveCfg = Release|Any CPU
		{B5C52642-0C02-4BDF-915A-1A780A433D7D}.Release|Any CPU.Build.0 = Release|Any CPU
	EndGlobalSection
	GlobalSection(SolutionProperties) = preSolution
		HideSolutionNode = FALSE
	EndGlobalSection
	GlobalSection(ExtensibilityGlobals) = postSolution
		SolutionGuid = {A4F6F757-D21C-43EA-806B-2416D9B445B3}
	EndGlobalSection
EndGlobal
